
Microsoft Visual Studio Solution File, Format Version 12.00
# Visual Studio Version 17
VisualStudioVersion = 17.3.32922.545
MinimumVisualStudioVersion = 10.0.40219.1
Project("{FAE04EC0-301F-11D3-BF4B-00C04F79EFBC}") = "WalletFunctionApp.App", "WalletFunctionApp.App\WalletFunctionApp.App.csproj", "{CF41C786-81FD-45DA-93D0-91A5468205BC}"
EndProject
Project("{FAE04EC0-301F-11D3-BF4B-00C04F79EFBC}") = "WalletFunctionApp.Domain", "WalletFunctionApp.Domain\WalletFunctionApp.Domain.csproj", "{0C5D5292-829D-46C2-98E7-68F6081AB041}"
EndProject
Project("{FAE04EC0-301F-11D3-BF4B-00C04F79EFBC}") = "WalletFunctionApp.Service", "WalletFunctionApp.Service\WalletFunctionApp.Service.csproj", "{D59BE080-81D9-4B9B-A9C8-181AF10C1C3C}"
EndProject
Global
	GlobalSection(SolutionConfigurationPlatforms) = preSolution
		Debug|Any CPU = Debug|Any CPU
		Release|Any CPU = Release|Any CPU
	EndGlobalSection
	GlobalSection(ProjectConfigurationPlatforms) = postSolution
		{CF41C786-81FD-45DA-93D0-91A5468205BC}.Debug|Any CPU.ActiveCfg = Debug|Any CPU
		{CF41C786-81FD-45DA-93D0-91A5468205BC}.Debug|Any CPU.Build.0 = Debug|Any CPU
		{CF41C786-81FD-45DA-93D0-91A5468205BC}.Release|Any CPU.ActiveCfg = Release|Any CPU
		{CF41C786-81FD-45DA-93D0-91A5468205BC}.Release|Any CPU.Build.0 = Release|Any CPU
		{0C5D5292-829D-46C2-98E7-68F6081AB041}.Debug|Any CPU.ActiveCfg = Debug|Any CPU
		{0C5D5292-829D-46C2-98E7-68F6081AB041}.Debug|Any CPU.Build.0 = Debug|Any CPU
		{0C5D5292-829D-46C2-98E7-68F6081AB041}.Release|Any CPU.ActiveCfg = Release|Any CPU
		{0C5D5292-829D-46C2-98E7-68F6081AB041}.Release|Any CPU.Build.0 = Release|Any CPU
		{D59BE080-81D9-4B9B-A9C8-181AF10C1C3C}.Debug|Any CPU.ActiveCfg = Debug|Any CPU
		{D59BE080-81D9-4B9B-A9C8-181AF10C1C3C}.Debug|Any CPU.Build.0 = Debug|Any CPU
		{D59BE080-81D9-4B9B-A9C8-181AF10C1C3C}.Release|Any CPU.ActiveCfg = Release|Any CPU
		{D59BE080-81D9-4B9B-A9C8-181AF10C1C3C}.Release|Any CPU.Build.0 = Release|Any CPU
	EndGlobalSection
	GlobalSection(SolutionProperties) = preSolution
		HideSolutionNode = FALSE
	EndGlobalSection
	GlobalSection(ExtensibilityGlobals) = postSolution
		SolutionGuid = {A669CE44-EB15-4F57-8CA1-AD6599402B2A}
	EndGlobalSection
EndGlobal
